Microsoft Visual Studio Solution File, Format Version 11.00
# Visual Studio 2008

Project("{93A3A2CC-F5A5-D979-6BEF-2FFD04336804}") = "MaG E05", "Assembly-CSharp.csproj", "{508AB4EF-9D8E-BAEF-2AF1-9C4111B61FA5}"
EndProject
Global
	GlobalSection(SolutionConfigurationPlatforms) = preSolution
		Debug|Any CPU = Debug|Any CPU
		Release|Any CPU = Release|Any CPU
	EndGlobalSection
	GlobalSection(ProjectConfigurationPlatforms) = postSolution
		{508AB4EF-9D8E-BAEF-2AF1-9C4111B61FA5}.Debug|Any CPU.ActiveCfg = Debug|Any CPU
		{508AB4EF-9D8E-BAEF-2AF1-9C4111B61FA5}.Debug|Any CPU.Build.0 = Debug|Any CPU
		{508AB4EF-9D8E-BAEF-2AF1-9C4111B61FA5}.Release|Any CPU.ActiveCfg = Release|Any CPU
		{508AB4EF-9D8E-BAEF-2AF1-9C4111B61FA5}.Release|Any CPU.Build.0 = Release|Any CPU
	EndGlobalSection
	GlobalSection(SolutionProperties) = preSolution
		HideSolutionNode = FALSE
	EndGlobalSection
						GlobalSection(MonoDevelopProperties) = preSolution
		StartupItem = Assembly-CSharp.csproj
		Policies = $0
		$0.TextStylePolicy = $1
		$1.inheritsSet = null
		$1.scope = text/x-csharp
		$0.CSharpFormattingPolicy = $2
		$2.inheritsSet = Mono
		$2.inheritsScope = text/x-csharp
		$2.scope = text/x-csharp
		$0.TextStylePolicy = $3
		$3.FileWidth = 120
		$3.TabWidth = 4
		$3.IndentWidth = 4
		$3.EolMarker = Unix
		$3.inheritsSet = Mono
		$3.inheritsScope = text/plain
		$3.scope = text/plain
	EndGlobalSection

EndGlobal
